github.com/julienschmidt/httprouter v1.2.0 h1:TDTW5Yz1mjftljbcKqRcrYhd4XeOoI98t+9HbQbYf7g=
github.com/julienschmidt/httprouter v1.2.0/go.mod h1:SYymIcj16QtmaHHD7aYtjjsJG7VTCxuUUipMqKk8s4w=
github.com/sbzhu/weworkapi_golang v0.0.0-20190118034003-63f3e5eb4762 h1:mG6+ucuakZ1vufpPp4AhnQK9IJNvSIpcIAMXMrZAYw0=
github.com/sbzhu/weworkapi_golang v0.0.0-20190118034003-63f3e5eb4762/go.mod h1:6UjzYCk+Elge7FqzCeypv286ZGRDfTwmSXpnhNlYeoQ=
